
Microsoft Visual Studio Solution File, Format Version 12.00
# Visual Studio Version 16
VisualStudioVersion = 16.0.31105.61
MinimumVisualStudioVersion = 10.0.40219.1
Project("{FAE04EC0-301F-11D3-BF4B-00C04F79EFBC}") = "TBD-Magazin", "TBD-Magazin\TBD-Magazin.csproj", "{D2A80E5A-DD61-42B7-B50B-D363268C6117}"
EndProject
Global
	GlobalSection(SolutionConfigurationPlatforms) = preSolution
		Debug|Any CPU = Debug|Any CPU
		Release|Any CPU = Release|Any CPU
	EndGlobalSection
	GlobalSection(ProjectConfigurationPlatforms) = postSolution
		{D2A80E5A-DD61-42B7-B50B-D363268C6117}.Debug|Any CPU.ActiveCfg = Debug|Any CPU
		{D2A80E5A-DD61-42B7-B50B-D363268C6117}.Debug|Any CPU.Build.0 = Debug|Any CPU
		{D2A80E5A-DD61-42B7-B50B-D363268C6117}.Release|Any CPU.ActiveCfg = Release|Any CPU
		{D2A80E5A-DD61-42B7-B50B-D363268C6117}.Release|Any CPU.Build.0 = Release|Any CPU
	EndGlobalSection
	GlobalSection(SolutionProperties) = preSolution
		HideSolutionNode = FALSE
	EndGlobalSection
	GlobalSection(ExtensibilityGlobals) = postSolution
		SolutionGuid = {B6E361DA-E604-4536-9D25-2B271A444708}
	EndGlobalSection
EndGlobal
